{
  "object": {
    "pins": [
      {
        "package": "CDKSwiftOracc",
        "repositoryURL": "https://github.com/ckanchan/CDKSwiftOracc",
        "state": {
          "branch": "main",
          "revision": "68c41b95ae8687c2f7ee53dfa1f3de20e438f120",
          "version": null
        }
      },
      {
        "package": "ZIPFoundation",
        "repositoryURL": "https://github.com/weichsel/ZIPFoundation/",
        "state": {
          "branch": null,
          "revision": "edbeaa39b426e54702194b0a601342322f01e400",
          "version": "0.9.9"
        }
      }
    ]
  },
  "version": 1
}
