{
  "object": {
    "pins": [
      {
        "package": "CDKSwiftOracc",
        "repositoryURL": "https://github.com/ckanchan/CDKSwiftOracc",
        "state": {
          "branch": "master",
          "revision": "936bc5bd666a37c8fe458b8a370335d38983edcf",
          "version": null
        }
      },
      {
        "package": "ZIPFoundation",
        "repositoryURL": "https://github.com/weichsel/ZIPFoundation/",
        "state": {
          "branch": null,
          "revision": "b5c53bef2deb7b20659b03b1223f0942599e5c41",
          "version": "0.9.6"
        }
      }
    ]
  },
  "version": 1
}
